{
  "name": "security-belt",
  "version": "1.0.1",
  "lockfileVersion": 1,
  "requires": true,
  "dependencies": {
    "@material/auto-init": {
      "version": "0.32.0",
      "resolved": "https://registry.npmjs.org/@material/auto-init/-/auto-init-0.32.0.tgz",
      "integrity": "sha512-yodqrTC/MjGt/dM4jiouWJuT8XRpthxicV/If/qUJUeznTkzHMvHp4hWJBcEiyjfryxvzTEoKOl5X8k/gx1GAw=="
    },
    "@material/button": {
      "version": "0.32.0",
      "resolved": "https://registry.npmjs.org/@material/button/-/button-0.32.0.tgz",
      "integrity": "sha512-3PBA+o8T5lFJbCo2GZD8sm5U4VXiHDN6nHkrKlysuvcbo6QQK1C3ZMP4BIj2nmSpodvNRXOk8opG3feDcubg3g=="
    },
    "@material/card": {
      "version": "0.32.0",
      "resolved": "https://registry.npmjs.org/@material/card/-/card-0.32.0.tgz",
      "integrity": "sha512-Y/o8Mekvlt3su0K80gcLpmcdFUa+D57nKDI3nVcM1Xi2r5/ra3qjAmFda5mauxZK/8PzyB/FJzF1fy/RH5s+9g=="
    },
    "@material/elevation": {
      "version": "0.28.0",
      "resolved": "https://registry.npmjs.org/@material/elevation/-/elevation-0.28.0.tgz",
      "integrity": "sha512-U2utCuMDDhrJ8Cyisz16GAejN9h9xyS4jvVkt2uIOUyPZRjnaJyoAbpyf0mOzFxIdBuRpNGJYm2PoAwHsSA+xw==",
      "dependencies": {
        "@material/theme": {
          "version": "0.4.0",
          "resolved": "https://registry.npmjs.org/@material/theme/-/theme-0.4.0.tgz",
          "integrity": "sha1-Cu8aAnm2XBWZBYT7i47KCVxzRkE="
        }
      }
    },
    "@material/layout-grid": {
      "version": "0.24.0",
      "resolved": "https://registry.npmjs.org/@material/layout-grid/-/layout-grid-0.24.0.tgz",
      "integrity": "sha512-38Si5CQgRkQwTSVb+lfCZkH8QEe1/HWfj2yNmK5OIFRMBFbSjQRsvf3p+aU1R7fM4TDjNKcgUWqRtBnKuUjNCQ=="
    },
    "@material/list": {
      "version": "0.32.0",
      "resolved": "https://registry.npmjs.org/@material/list/-/list-0.32.0.tgz",
      "integrity": "sha512-03eZsHYRSS7b+fUsx5gBkRhUubfPYYg5Nr7PwLdEPLR5VuQ6RzgcNYcBnLtIa5rdvrd6NugNNSL9c2k27Qjt6g=="
    },
    "@material/ripple": {
      "version": "0.32.0",
      "resolved": "https://registry.npmjs.org/@material/ripple/-/ripple-0.32.0.tgz",
      "integrity": "sha512-pfG16d1/46f4QnrUHG66aV22kbY7sh7n2HR/cFALX6D0l0Kae3+xjuUnr1yy32Y1tzLAc84U9jGEzTDykVff9A=="
    },
    "@material/tabs": {
      "version": "0.32.0",
      "resolved": "https://registry.npmjs.org/@material/tabs/-/tabs-0.32.0.tgz",
      "integrity": "sha512-RWzxlQoR6MPqxCP2kVNrxg4+D2A5eT7WO0cqkoxsbDz8wAPeNlU/vdr17bnTlhAiiwcDCKulxHRNX7Gztwwg0A=="
    },
    "@material/theme": {
      "version": "0.30.0",
      "resolved": "https://registry.npmjs.org/@material/theme/-/theme-0.30.0.tgz",
      "integrity": "sha512-jd1iC5qyq5YX4w8sZj9+lXExeK4adXbAjw/lOQuDeT6WSGJf7HovxQlHjlyWJ4p/x0xTGrlaDHnrCxeJQCq4Og=="
    },
    "@material/toolbar": {
      "version": "0.32.0",
      "resolved": "https://registry.npmjs.org/@material/toolbar/-/toolbar-0.32.0.tgz",
      "integrity": "sha512-eDouRzRFqOpOigm1nOr8QrfEGJW87gdzhqlM8YbrIzUchm3JouAQgV62wvDs+mMpy2jXj1rMBZOTbtff78myqA=="
    },
    "@material/typography": {
      "version": "0.28.0",
      "resolved": "https://registry.npmjs.org/@material/typography/-/typography-0.28.0.tgz",
      "integrity": "sha512-Cz8XxO/bocChQAM87xTAN9CM31Q04FgW0N4lSQWyha2PAK/LdtfjjWFPZWNZKyQbZJBNjINbE3/PqMnWDTd4cQ=="
    },
    "ajv": {
      "version": "6.2.1",
      "resolved": "https://registry.npmjs.org/ajv/-/ajv-6.2.1.tgz",
      "integrity": "sha1-KKarxJOiq+D7TIUHrK7bQ/pVBnE="
    },
    "babel-core": {
      "version": "6.26.0",
      "resolved": "https://registry.npmjs.org/babel-core/-/babel-core-6.26.0.tgz",
      "integrity": "sha1-rzL3izGm/O8RnIew/Y2XU/A6C7g=",
      "dependencies": {
        "babel-code-frame": {
          "version": "6.26.0",
          "resolved": "https://registry.npmjs.org/babel-code-frame/-/babel-code-frame-6.26.0.tgz",
          "integrity": "sha1-Y/1D99weO7fONZR9uP42mj9Yx0s="
        },
        "babel-runtime": {
          "version": "6.26.0",
          "resolved": "https://registry.npmjs.org/babel-runtime/-/babel-runtime-6.26.0.tgz",
          "integrity": "sha1-llxwWGaOgrVde/4E/yM3vItWR/4="
        },
        "babel-template": {
          "version": "6.26.0",
          "resolved": "https://registry.npmjs.org/babel-template/-/babel-template-6.26.0.tgz",
          "integrity": "sha1-3gPi0WOWsGn0bdn/+FIfsaDjXgI="
        },
        "babel-traverse": {
          "version": "6.26.0",
          "resolved": "https://registry.npmjs.org/babel-traverse/-/babel-traverse-6.26.0.tgz",
          "integrity": "sha1-RqnL1+3MYsjlwGTi0tjQ9ANXZu4="
        },
        "babel-types": {
          "version": "6.26.0",
          "resolved": "https://registry.npmjs.org/babel-types/-/babel-types-6.26.0.tgz",
          "integrity": "sha1-o7Bz+Uq0nrb6Vc1lInozQ4BjJJc="
        },
        "babylon": {
          "version": "6.18.0",
          "resolved": "https://registry.npmjs.org/babylon/-/babylon-6.18.0.tgz",
          "integrity": "sha512-q/UEjfGJ2Cm3oKV71DJz9d25TPnq5rhBVL2Q4fA5wcC3jcrdn7+SssEybFIxwAvvP+YCsCYNKughoF33GxgycQ=="
        },
        "debug": {
          "version": "2.6.9",
          "resolved": "https://registry.npmjs.org/debug/-/debug-2.6.9.tgz",
          "integrity": "sha512-bC7ElrdJaJnPbAP+1EotYvqZsb3ecl5wi6Bfi6BJTUcNowp6cvspg0jXznRTKDjm/E7AdgFBVeAPVMNcKGsHMA=="
        },
        "js-tokens": {
          "version": "3.0.2",
          "resolved": "https://registry.npmjs.org/js-tokens/-/js-tokens-3.0.2.tgz",
          "integrity": "sha1-mGbfOVECEw449/mWvOtlRDIJwls="
        },
        "regenerator-runtime": {
          "version": "0.11.0",
          "resolved": "https://registry.npmjs.org/regenerator-runtime/-/regenerator-runtime-0.11.0.tgz",
          "integrity": "sha512-/aA0kLeRb5N9K0d4fw7ooEbI+xDe+DKD499EQqygGqeS8N3xto15p09uY2xj7ixP81sNPXvRLnAQIqdVStgb1A=="
        },
        "source-map": {
          "version": "0.5.7",
          "resolved": "https://registry.npmjs.org/source-map/-/source-map-0.5.7.tgz",
          "integrity": "sha1-igOdLRAh0i0eoUyA2OpGi6LvP8w="
        }
      }
    },
    "babel-loader": {
      "version": "7.1.4",
      "resolved": "https://registry.npmjs.org/babel-loader/-/babel-loader-7.1.4.tgz",
      "integrity": "sha512-/hbyEvPzBJuGpk9o80R0ZyTej6heEOr59GoEUtn8qFKbnx4cJm9FWES6J/iv644sYgrtVw9JJQkjaLW/bqb5gw=="
    },
    "babel-preset-es2015": {
      "version": "6.24.1",
      "resolved": "https://registry.npmjs.org/babel-preset-es2015/-/babel-preset-es2015-6.24.1.tgz",
      "integrity": "sha1-1EBQ1rwsn+6nAqrzjXJ6AhBTiTk="
    },
    "body-parser": {
      "version": "1.18.2",
      "resolved": "https://registry.npmjs.org/body-parser/-/body-parser-1.18.2.tgz",
      "integrity": "sha1-h2eKGdhLR9hZuDGZvVm84iKxBFQ=",
      "dependencies": {
        "debug": {
          "version": "2.6.9",
          "resolved": "https://registry.npmjs.org/debug/-/debug-2.6.9.tgz",
          "integrity": "sha512-bC7ElrdJaJnPbAP+1EotYvqZsb3ecl5wi6Bfi6BJTUcNowp6cvspg0jXznRTKDjm/E7AdgFBVeAPVMNcKGsHMA=="
        }
      }
    },
    "bunyan": {
      "version": "1.8.12",
      "resolved": "https://registry.npmjs.org/bunyan/-/bunyan-1.8.12.tgz",
      "integrity": "sha1-8VDw9nSKvdcq6uhPBEA74u8RN5c="
    },
    "css-loader": {
      "version": "0.28.10",
      "resolved": "https://registry.npmjs.org/css-loader/-/css-loader-0.28.10.tgz",
      "integrity": "sha512-X1IJteKnW9Llmrd+lJ0f7QZHh9Arf+11S7iRcoT2+riig3BK0QaCaOtubAulMK6Itbo08W6d3l8sW21r+Jhp5Q==",
      "dependencies": {
        "babel-code-frame": {
          "version": "6.26.0",
          "resolved": "https://registry.npmjs.org/babel-code-frame/-/babel-code-frame-6.26.0.tgz",
          "integrity": "sha1-Y/1D99weO7fONZR9uP42mj9Yx0s="
        },
        "js-tokens": {
          "version": "3.0.2",
          "resolved": "https://registry.npmjs.org/js-tokens/-/js-tokens-3.0.2.tgz",
          "integrity": "sha1-mGbfOVECEw449/mWvOtlRDIJwls="
        }
      }
    },
    "eslint": {
      "version": "4.18.2",
      "resolved": "https://registry.npmjs.org/eslint/-/eslint-4.18.2.tgz",
      "integrity": "sha512-qy4i3wODqKMYfz9LUI8N2qYDkHkoieTbiHpMrYUI/WbjhXJQr7lI4VngixTgaG+yHX+NBCv7nW4hA0ShbvaNKw==",
      "dev": true,
      "dependencies": {
        "ajv": {
          "version": "5.5.2",
          "resolved": "https://registry.npmjs.org/ajv/-/ajv-5.5.2.tgz",
          "integrity": "sha1-c7Xuyj+rZT49P5Qis0GtQiBdyWU="
        },
        "ansi-regex": {
          "version": "3.0.0",
          "resolved": "https://registry.npmjs.org/ansi-regex/-/ansi-regex-3.0.0.tgz",
          "integrity": "sha1-7QMXwyIGT3lGbAKWa922Bas32Zg="
        },
        "ansi-styles": {
          "version": "3.2.1",
          "resolved": "https://registry.npmjs.org/ansi-styles/-/ansi-styles-3.2.1.tgz",
          "integrity": "sha512-VT0ZI6kZRdTh8YyJw3SMbYm/u+NqfsAxEpWO0Pf9sq8/e94WxxOpPKx9FR1FlyCtOVDNOQ+8ntlqFxiRc+r5qA=="
        },
        "chalk": {
          "version": "2.3.2",
          "resolved": "https://registry.npmjs.org/chalk/-/chalk-2.3.2.tgz",
          "integrity": "sha512-ZM4j2/ld/YZDc3Ma8PgN7gyAk+kHMMMyzLNryCPGhWrsfAuDVeuid5bpRFTDgMH9JBK2lA4dyyAkkZYF/WcqDQ=="
        },
        "cross-spawn": {
          "version": "5.1.0",
          "resolved": "https://registry.npmjs.org/cross-spawn/-/cross-spawn-5.1.0.tgz",
          "integrity": "sha1-6L0O/uWPz/b4+UUQoKVUu/ojVEk="
        },
        "debug": {
          "version": "3.1.0",
          "resolved": "https://registry.npmjs.org/debug/-/debug-3.1.0.tgz",
          "integrity": "sha512-OX8XqP7/1a9cqkxYw2yXss15f26NKWBpDXQd0/uK/KPqdQhxbPa994hnzjcE2VqQpDslf55723cKPUOGSmMY3g=="
        },
        "globals": {
          "version": "11.3.0",
          "resolved": "https://registry.npmjs.org/globals/-/globals-11.3.0.tgz",
          "integrity": "sha512-kkpcKNlmQan9Z5ZmgqKH/SMbSmjxQ7QjyNqfXVc8VJcoBV2UEg+sxQD15GQofGRh2hfpwUb70VC31DR7Rq5Hdw=="
        },
        "has-flag": {
          "version": "3.0.0",
          "resolved": "https://registry.npmjs.org/has-flag/-/has-flag-3.0.0.tgz",
          "integrity": "sha1-tdRU3CGZriJWmfNGfloH87lVuv0="
        },
        "strip-ansi": {
          "version": "4.0.0",
          "resolved": "https://registry.npmjs.org/strip-ansi/-/strip-ansi-4.0.0.tgz",
          "integrity": "sha1-qEeQIusaw2iocTibY1JixQXuNo8="
        },
        "supports-color": {
          "version": "5.3.0",
          "resolved": "https://registry.npmjs.org/supports-color/-/supports-color-5.3.0.tgz",
          "integrity": "sha512-0aP01LLIskjKs3lq52EC0aGBAJhLq7B2Rd8HC/DR/PtNNpcLilNmHC12O+hu0usQpo7wtHNRqtrhBwtDb0+dNg=="
        }
      }
    },
    "express": {
      "version": "4.16.2",
      "resolved": "https://registry.npmjs.org/express/-/express-4.16.2.tgz",
      "integrity": "sha1-41xt/i1kt9ygpc1PIXgb4ymeB2w=",
      "dependencies": {
        "debug": {
          "version": "2.6.9",
          "resolved": "https://registry.npmjs.org/debug/-/debug-2.6.9.tgz",
          "integrity": "sha512-bC7ElrdJaJnPbAP+1EotYvqZsb3ecl5wi6Bfi6BJTUcNowp6cvspg0jXznRTKDjm/E7AdgFBVeAPVMNcKGsHMA=="
        },
        "setprototypeof": {
          "version": "1.1.0",
          "resolved": "https://registry.npmjs.org/setprototypeof/-/setprototypeof-1.1.0.tgz",
          "integrity": "sha512-BvE/TwpZX4FXExxOxZyRGQQv651MSwmWKZGqvmPcRIjDqWub67kTKuIMx43cZZrS/cBBzwBcNDWoFxt2XEFIpQ=="
        }
      }
    },
    "extract-text-webpack-plugin": {
      "version": "3.0.2",
      "resolved": "https://registry.npmjs.org/extract-text-webpack-plugin/-/extract-text-webpack-plugin-3.0.2.tgz",
      "integrity": "sha512-bt/LZ4m5Rqt/Crl2HiKuAl/oqg0psx1tsTLkvWbJen1CtD+fftkZhMaQ9HOtY2gWsl2Wq+sABmMVi9z3DhKWQQ=="
    },
    "file-loader": {
      "version": "1.1.11",
      "resolved": "https://registry.npmjs.org/file-loader/-/file-loader-1.1.11.tgz",
      "integrity": "sha512-TGR4HU7HUsGg6GCOPJnFk06RhWgEWFLAGWiT6rcD+GRC2keU3s9RGJ+b3Z6/U73jwwNb2gKLJ7YCrp+jvU4ALg==",
      "dependencies": {
        "ajv": {
          "version": "6.2.1",
          "resolved": "https://registry.npmjs.org/ajv/-/ajv-6.2.1.tgz",
          "integrity": "sha1-KKarxJOiq+D7TIUHrK7bQ/pVBnE="
        },
        "schema-utils": {
          "version": "0.4.5",
          "resolved": "https://registry.npmjs.org/schema-utils/-/schema-utils-0.4.5.tgz",
          "integrity": "sha512-yYrjb9TX2k/J1Y5UNy3KYdZq10xhYcF8nMpAW6o3hy6Q8WSIEf9lJHG/ePnOBfziPM3fvQwfOwa13U/Fh8qTfA=="
        }
      }
    },
    "husky": {
      "version": "0.14.3",
      "resolved": "https://registry.npmjs.org/husky/-/husky-0.14.3.tgz",
      "integrity": "sha512-e21wivqHpstpoiWA/Yi8eFti8E+sQDSS53cpJsPptPs295QTOQR0ZwnHo2TXy1XOpZFD9rPOd3NpmqTK6uMLJA==",
      "dev": true,
      "dependencies": {
        "normalize-path": {
          "version": "1.0.0",
          "resolved": "https://registry.npmjs.org/normalize-path/-/normalize-path-1.0.0.tgz",
          "integrity": "sha1-MtDkcvkf80VwHBWoMRAY07CpA3k="
        },
        "strip-indent": {
          "version": "2.0.0",
          "resolved": "https://registry.npmjs.org/strip-indent/-/strip-indent-2.0.0.tgz",
          "integrity": "sha1-XvjbKV0B5u1sv3qrlpmNeCJSe2g="
        }
      }
    },
    "js-yaml": {
      "version": "3.11.0",
      "resolved": "https://registry.npmjs.org/js-yaml/-/js-yaml-3.11.0.tgz",
      "integrity": "sha512-saJstZWv7oNeOyBh3+Dx1qWzhW0+e6/8eDzo7p5rDFqxntSztloLtuKu+Ejhtq82jsilwOIZYsCz+lIjthg1Hw==",
      "dependencies": {
        "esprima": {
          "version": "4.0.0",
          "resolved": "https://registry.npmjs.org/esprima/-/esprima-4.0.0.tgz",
          "integrity": "sha512-oftTcaMu/EGrEIu904mWteKIv8vMuOgGYo7EhVJJN00R/EED9DCua/xxHRdYnKtcECzVg7xOWhflvJMnqcFZjw=="
        }
      }
    },
    "memory-pager": {
      "version": "1.5.0",
      "resolved": "https://registry.npmjs.org/memory-pager/-/memory-pager-1.5.0.tgz",
      "integrity": "sha512-ZS4Bp4r/Zoeq6+NLJpP+0Zzm0pR8whtGPf1XExKLJBAczGMnSi3It14OiNCStjQjM6NU1okjQGSxgEZN8eBYKg==",
      "optional": true
    },
    "mocha": {
      "version": "5.0.2",
      "resolved": "https://registry.npmjs.org/mocha/-/mocha-5.0.2.tgz",
      "integrity": "sha512-nmlYKMRpJZLxgzk0bRhcvlpjSisbi0x1JiRl7kctadOMPmecUie7WwCZmcyth+PzX5txKbpcMIvDZCAlx9ISxg==",
      "dev": true,
      "dependencies": {
        "commander": {
          "version": "2.11.0",
          "resolved": "https://registry.npmjs.org/commander/-/commander-2.11.0.tgz",
          "integrity": "sha512-b0553uYA5YAEGgyYIGYROzKQ7X5RAqedkfjiZxwi0kL1g3bOaBNNZfYkzt/CL0umgD5wc9Jec2FbB98CjkMRvQ=="
        },
        "debug": {
          "version": "3.1.0",
          "resolved": "https://registry.npmjs.org/debug/-/debug-3.1.0.tgz",
          "integrity": "sha512-OX8XqP7/1a9cqkxYw2yXss15f26NKWBpDXQd0/uK/KPqdQhxbPa994hnzjcE2VqQpDslf55723cKPUOGSmMY3g=="
        },
        "has-flag": {
          "version": "2.0.0",
          "resolved": "https://registry.npmjs.org/has-flag/-/has-flag-2.0.0.tgz",
          "integrity": "sha1-6CB68cx7MNRGzHC3NLXovhj4jVE="
        },
        "supports-color": {
          "version": "4.4.0",
          "resolved": "https://registry.npmjs.org/supports-color/-/supports-color-4.4.0.tgz",
          "integrity": "sha512-rKC3+DyXWgK0ZLKwmRsrkyHVZAjNkfzeehuFWdGGcqGDTZFH73+RH6S/RDAAxl9GusSjZSUWYLmT9N5pzXFOXQ=="
        }
      }
    },
    "mongodb": {
      "version": "3.1.13",
      "resolved": "https://registry.npmjs.org/mongodb/-/mongodb-3.1.13.tgz",
      "integrity": "sha512-sz2dhvBZQWf3LRNDhbd30KHVzdjZx9IKC0L+kSZ/gzYquCF5zPOgGqRz6sSCqYZtKP2ekB4nfLxhGtzGHnIKxA==",
      "requires": {
        "mongodb-core": "3.1.11",
        "safe-buffer": "^5.1.2"
      },
      "dependencies": {
        "bson": {
          "version": "1.1.5",
          "resolved": "https://registry.npmjs.org/bson/-/bson-1.1.5.tgz",
          "integrity": "sha512-kDuEzldR21lHciPQAIulLs1LZlCXdLziXI6Mb/TDkwXhb//UORJNPXgcRs2CuO4H0DcMkpfT3/ySsP3unoZjBg=="
        },
        "mongodb-core": {
          "version": "3.1.11",
          "resolved": "https://registry.npmjs.org/mongodb-core/-/mongodb-core-3.1.11.tgz",
          "integrity": "sha512-rD2US2s5qk/ckbiiGFHeu+yKYDXdJ1G87F6CG3YdaZpzdOm5zpoAZd/EKbPmFO6cQZ+XVXBXBJ660sSI0gc6qg==",
          "requires": {
            "bson": "^1.1.0",
            "require_optional": "^1.0.1",
            "safe-buffer": "^5.1.2",
            "saslprep": "^1.0.0"
          }
        },
        "safe-buffer": {
          "version": "5.2.1",
          "resolved": "https://registry.npmjs.org/safe-buffer/-/safe-buffer-5.2.1.tgz",
          "integrity": "sha512-rp3So07KcdmmKbGvgaNxQSJr7bGVSVk5S9Eq1F+ppbRo70+YeaDxkw5Dd8NPN+GD6bjnYm2VuPuCXmpuYvmCXQ=="
        }
      }
    },
    "node-sass": {
      "version": "4.7.2",
      "resolved": "https://registry.npmjs.org/node-sass/-/node-sass-4.7.2.tgz",
      "integrity": "sha512-CaV+wLqZ7//Jdom5aUFCpGNoECd7BbNhjuwdsX/LkXBrHl8eb1Wjw4HvWqcFvhr5KuNgAk8i/myf/MQ1YYeroA==",
      "dependencies": {
        "assert-plus": {
          "version": "0.2.0",
          "resolved": "https://registry.npmjs.org/assert-plus/-/assert-plus-0.2.0.tgz",
          "integrity": "sha1-104bh+ev/A24qttwIfP+SBAasjQ="
        },
        "aws-sign2": {
          "version": "0.6.0",
          "resolved": "https://registry.npmjs.org/aws-sign2/-/aws-sign2-0.6.0.tgz",
          "integrity": "sha1-FDQt0428yU0OW4fXY81jYSwOeU8="
        },
        "boom": {
          "version": "2.10.1",
          "resolved": "https://registry.npmjs.org/boom/-/boom-2.10.1.tgz",
          "integrity": "sha1-OciRjO/1eZ+D+UkqhI9iWt0Mdm8="
        },
        "caseless": {
          "version": "0.11.0",
          "resolved": "https://registry.npmjs.org/caseless/-/caseless-0.11.0.tgz",
          "integrity": "sha1-cVuW6phBWTzDMGeSP17GDr2k99c="
        },
        "commander": {
          "version": "2.14.1",
          "resolved": "https://registry.npmjs.org/commander/-/commander-2.14.1.tgz",
          "integrity": "sha512-+YR16o3rK53SmWHU3rEM3tPAh2rwb1yPcQX5irVn7mb0gXbwuCCrnkbV5+PBfETdfg1vui07nM6PCG1zndcjQw=="
        },
        "cryptiles": {
          "version": "2.0.5",
          "resolved": "https://registry.npmjs.org/cryptiles/-/cryptiles-2.0.5.tgz",
          "integrity": "sha1-O9/s3GCBR8HGcgL6KR59ylnqo7g="
        },
        "form-data": {
          "version": "2.1.4",
          "resolved": "https://registry.npmjs.org/form-data/-/form-data-2.1.4.tgz",
          "integrity": "sha1-M8GDrPGTJ27KqYFDpp6Uv+4XUNE="
        },
        "har-validator": {
          "version": "2.0.6",
          "resolved": "https://registry.npmjs.org/har-validator/-/har-validator-2.0.6.tgz",
          "integrity": "sha1-zcvAgYgmWtEZtqWnyKtw7s+10n0="
        },
        "hawk": {
          "version": "3.1.3",
          "resolved": "https://registry.npmjs.org/hawk/-/hawk-3.1.3.tgz",
          "integrity": "sha1-B4REvXwWQLD+VA0sm3PVlnjo4cQ="
        },
        "hoek": {
          "version": "2.16.3",
          "resolved": "https://registry.npmjs.org/hoek/-/hoek-2.16.3.tgz",
          "integrity": "sha1-ILt0A9POo5jpHcRxCo/xuCdKJe0="
        },
        "http-signature": {
          "version": "1.1.1",
          "resolved": "https://registry.npmjs.org/http-signature/-/http-signature-1.1.1.tgz",
          "integrity": "sha1-33LiZwZs0Kxn+3at+OE0qPvPkb8="
        },
        "qs": {
          "version": "6.3.2",
          "resolved": "https://registry.npmjs.org/qs/-/qs-6.3.2.tgz",
          "integrity": "sha1-51vV9uJoEioqDgvaYwslUMFmUCw="
        },
        "request": {
          "version": "2.79.0",
          "resolved": "https://registry.npmjs.org/request/-/request-2.79.0.tgz",
          "integrity": "sha1-Tf5b9r6LjNw3/Pk+BLZVd3InEN4="
        },
        "sntp": {
          "version": "1.0.9",
          "resolved": "https://registry.npmjs.org/sntp/-/sntp-1.0.9.tgz",
          "integrity": "sha1-ZUEYTMkK7qbG57NeJlkIJEPGYZg="
        },
        "tunnel-agent": {
          "version": "0.4.3",
          "resolved": "https://registry.npmjs.org/tunnel-agent/-/tunnel-agent-0.4.3.tgz",
          "integrity": "sha1-Y3PbdpCf5XDgjXNYM2Xtgop07us="
        }
      }
    },
    "normalize.css": {
      "version": "8.0.0",
      "resolved": "https://registry.npmjs.org/normalize.css/-/normalize.css-8.0.0.tgz",
      "integrity": "sha512-iXcbM3NWr0XkNyfiSBsoPezi+0V92P9nj84yVV1/UZxRUrGczgX/X91KMAGM0omWLY2+2Q1gKD/XRn4gQRDB2A=="
    },
    "pug": {
      "version": "2.0.0",
      "resolved": "https://registry.npmjs.org/pug/-/pug-2.0.0.tgz",
      "integrity": "sha1-hS0TID1rQE71dLx/JSijXyWGyrY="
    },
    "request": {
      "version": "2.83.0",
      "resolved": "https://registry.npmjs.org/request/-/request-2.83.0.tgz",
      "integrity": "sha512-lR3gD69osqm6EYLk9wB/G1W/laGWjzH90t1vEa2xuxHD5KUrSzp9pUSfTm+YC5Nxt2T8nMPEvKlhbQayU7bgFw=="
    },
    "require_optional": {
      "version": "1.0.1",
      "resolved": "https://registry.npmjs.org/require_optional/-/require_optional-1.0.1.tgz",
      "integrity": "sha512-qhM/y57enGWHAe3v/NcwML6a3/vfESLe/sGM2dII+gEO0BpKRUkWZow/tyloNqJyN6kXSl3RyyM8Ll5D/sJP8g=="
    },
    "resolve-url-loader": {
      "version": "2.3.0",
      "resolved": "https://registry.npmjs.org/resolve-url-loader/-/resolve-url-loader-2.3.0.tgz",
      "integrity": "sha512-RaEUWgF/B6aTg9VKaOv2o6dfm5f75/lGh8S+SQwoMcBm48WkA2nhLR+V7KEawkxXjU4lLB16IVeHCe7F69nyVw==",
      "dependencies": {
        "camelcase": {
          "version": "4.1.0",
          "resolved": "https://registry.npmjs.org/camelcase/-/camelcase-4.1.0.tgz",
          "integrity": "sha1-1UVjW+HjPFQmScaRc+Xeas+uNN0="
        },
        "convert-source-map": {
          "version": "1.5.1",
          "resolved": "https://registry.npmjs.org/convert-source-map/-/convert-source-map-1.5.1.tgz",
          "integrity": "sha1-uCeAl7m8IpNl3lxiz1/K7YtVmeU="
        },
        "source-map": {
          "version": "0.5.7",
          "resolved": "https://registry.npmjs.org/source-map/-/source-map-0.5.7.tgz",
          "integrity": "sha1-igOdLRAh0i0eoUyA2OpGi6LvP8w="
        }
      }
    },
    "roboto-fontface": {
      "version": "0.9.0",
      "resolved": "https://registry.npmjs.org/roboto-fontface/-/roboto-fontface-0.9.0.tgz",
      "integrity": "sha512-+G6+JXJWrXU98gUidXWgF1U+T7r21aiyqSWi5ZiZ/TBAWssw/t6DWM8piqNqaLqcO78DVJwfwHzlz8PuCMg0/Q=="
    },
    "saslprep": {
      "version": "1.0.3",
      "resolved": "https://registry.npmjs.org/saslprep/-/saslprep-1.0.3.tgz",
      "integrity": "sha512-/MY/PEMbk2SuY5sScONwhUDsV2p77Znkb/q3nSVstq/yQzYJOH/Azh29p9oJLsl3LnQwSvZDKagDGBsBwSooag==",
      "optional": true,
      "requires": {
        "sparse-bitfield": "^3.0.3"
      }
    },
    "sass-loader": {
      "version": "6.0.7",
      "resolved": "https://registry.npmjs.org/sass-loader/-/sass-loader-6.0.7.tgz",
      "integrity": "sha512-JoiyD00Yo1o61OJsoP2s2kb19L1/Y2p3QFcCdWdF6oomBGKVYuZyqHWemRBfQ2uGYsk+CH3eCguXNfpjzlcpaA=="
    },
    "serve-favicon": {
      "version": "2.4.5",
      "resolved": "https://registry.npmjs.org/serve-favicon/-/serve-favicon-2.4.5.tgz",
      "integrity": "sha512-s7F8h2NrslMkG50KxvlGdj+ApSwaLex0vexuJ9iFf3GLTIp1ph/l1qZvRe9T9TJEYZgmq72ZwJ2VYiAEtChknw=="
    },
    "sinon": {
      "version": "4.4.2",
      "resolved": "https://registry.npmjs.org/sinon/-/sinon-4.4.2.tgz",
      "integrity": "sha512-cpOHpnRyY3Dk9dTHBYMfVBB0HUCSKIpxW07X6OGW2NiYPovs4AkcL8Q8MzecbAROjbfRA9esJCmlZgikxDz7DA==",
      "dev": true,
      "dependencies": {
        "has-flag": {
          "version": "3.0.0",
          "resolved": "https://registry.npmjs.org/has-flag/-/has-flag-3.0.0.tgz",
          "integrity": "sha1-tdRU3CGZriJWmfNGfloH87lVuv0="
        },
        "supports-color": {
          "version": "5.3.0",
          "resolved": "https://registry.npmjs.org/supports-color/-/supports-color-5.3.0.tgz",
          "integrity": "sha512-0aP01LLIskjKs3lq52EC0aGBAJhLq7B2Rd8HC/DR/PtNNpcLilNmHC12O+hu0usQpo7wtHNRqtrhBwtDb0+dNg=="
        }
      }
    },
    "sparse-bitfield": {
      "version": "3.0.3",
      "resolved": "https://registry.npmjs.org/sparse-bitfield/-/sparse-bitfield-3.0.3.tgz",
      "integrity": "sha1-/0rm5oZWBWuks+eSqzM004JzyhE=",
      "optional": true,
      "requires": {
        "memory-pager": "^1.0.2"
      }
    },
    "style-loader": {
      "version": "0.20.2",
      "resolved": "https://registry.npmjs.org/style-loader/-/style-loader-0.20.2.tgz",
      "integrity": "sha512-FrLMGaOLVhS5pvoez3eJyc0ktchT1inEZziBSjBq1hHQBK3GFkF57Qd825DcrUhjaAWQk70MKrIl5bfjadR/Dg==",
      "dependencies": {
        "ajv": {
          "version": "6.2.1",
          "resolved": "https://registry.npmjs.org/ajv/-/ajv-6.2.1.tgz",
          "integrity": "sha1-KKarxJOiq+D7TIUHrK7bQ/pVBnE="
        },
        "schema-utils": {
          "version": "0.4.5",
          "resolved": "https://registry.npmjs.org/schema-utils/-/schema-utils-0.4.5.tgz",
          "integrity": "sha512-yYrjb9TX2k/J1Y5UNy3KYdZq10xhYcF8nMpAW6o3hy6Q8WSIEf9lJHG/ePnOBfziPM3fvQwfOwa13U/Fh8qTfA=="
        }
      }
    },
    "walk": {
      "version": "2.3.9",
      "resolved": "https://registry.npmjs.org/walk/-/walk-2.3.9.tgz",
      "integrity": "sha1-MbTbZnjyrgHDnqn7hyWpAx5Vins="
    },
    "webpack": {
      "version": "3.11.0",
      "resolved": "https://registry.npmjs.org/webpack/-/webpack-3.11.0.tgz",
      "integrity": "sha512-3kOFejWqj5ISpJk4Qj/V7w98h9Vl52wak3CLiw/cDOfbVTq7FeoZ0SdoHHY9PYlHr50ZS42OfvzE2vB4nncKQg==",
      "dependencies": {
        "acorn": {
          "version": "5.5.1",
          "resolved": "https://registry.npmjs.org/acorn/-/acorn-5.5.1.tgz",
          "integrity": "sha512-D/KGiCpM/VOtTMDS+wfjywEth926WUrArrzYov4N4SI7t+3y8747dPpCmmAvrm/Z3ygqMHnyPxvYYO0yTdn/nQ=="
        },
        "ajv": {
          "version": "6.2.1",
          "resolved": "https://registry.npmjs.org/ajv/-/ajv-6.2.1.tgz",
          "integrity": "sha1-KKarxJOiq+D7TIUHrK7bQ/pVBnE="
        },
        "ansi-regex": {
          "version": "3.0.0",
          "resolved": "https://registry.npmjs.org/ansi-regex/-/ansi-regex-3.0.0.tgz",
          "integrity": "sha1-7QMXwyIGT3lGbAKWa922Bas32Zg="
        },
        "camelcase": {
          "version": "4.1.0",
          "resolved": "https://registry.npmjs.org/camelcase/-/camelcase-4.1.0.tgz",
          "integrity": "sha1-1UVjW+HjPFQmScaRc+Xeas+uNN0="
        },
        "cliui": {
          "version": "3.2.0",
          "resolved": "https://registry.npmjs.org/cliui/-/cliui-3.2.0.tgz",
          "integrity": "sha1-EgYBU3qRbSmUD5NNo7SNWFo5IT0=",
          "dependencies": {
            "string-width": {
              "version": "1.0.2",
              "resolved": "https://registry.npmjs.org/string-width/-/string-width-1.0.2.tgz",
              "integrity": "sha1-EYvfW4zcUaKn5w0hHgfisLmxB9M="
            }
          }
        },
        "enhanced-resolve": {
          "version": "3.4.1",
          "resolved": "https://registry.npmjs.org/enhanced-resolve/-/enhanced-resolve-3.4.1.tgz",
          "integrity": "sha1-BCHjOf1xQZs9oT0Smzl5BAIwR24="
        },
        "has-flag": {
          "version": "2.0.0",
          "resolved": "https://registry.npmjs.org/has-flag/-/has-flag-2.0.0.tgz",
          "integrity": "sha1-6CB68cx7MNRGzHC3NLXovhj4jVE="
        },
        "load-json-file": {
          "version": "2.0.0",
          "resolved": "https://registry.npmjs.org/load-json-file/-/load-json-file-2.0.0.tgz",
          "integrity": "sha1-eUfkIUmvgNaWy/eXvKq8/h/inKg="
        },
        "os-locale": {
          "version": "2.1.0",
          "resolved": "https://registry.npmjs.org/os-locale/-/os-locale-2.1.0.tgz",
          "integrity": "sha512-3sslG3zJbEYcaC4YVAvDorjGxc7tv6KVATnLPZONiljsUncvihe9BQoVCEs0RZ1kmf4Hk9OBqlZfJZWI4GanKA=="
        },
        "path-type": {
          "version": "2.0.0",
          "resolved": "https://registry.npmjs.org/path-type/-/path-type-2.0.0.tgz",
          "integrity": "sha1-8BLMuEFbcJb8LaoQVMPXI4lZTHM="
        },
        "pify": {
          "version": "2.3.0",
          "resolved": "https://registry.npmjs.org/pify/-/pify-2.3.0.tgz",
          "integrity": "sha1-7RQaasBDqEnqWISY59yosVMw6Qw="
        },
        "read-pkg": {
          "version": "2.0.0",
          "resolved": "https://registry.npmjs.org/read-pkg/-/read-pkg-2.0.0.tgz",
          "integrity": "sha1-jvHAYjxqbbDcZxPEv6xGMysjaPg="
        },
        "read-pkg-up": {
          "version": "2.0.0",
          "resolved": "https://registry.npmjs.org/read-pkg-up/-/read-pkg-up-2.0.0.tgz",
          "integrity": "sha1-a3KoBImE4MQeeVEP1en6mbO1Sb4="
        },
        "source-map": {
          "version": "0.5.7",
          "resolved": "https://registry.npmjs.org/source-map/-/source-map-0.5.7.tgz",
          "integrity": "sha1-igOdLRAh0i0eoUyA2OpGi6LvP8w="
        },
        "string-width": {
          "version": "2.1.1",
          "resolved": "https://registry.npmjs.org/string-width/-/string-width-2.1.1.tgz",
          "integrity": "sha512-nOqH59deCq9SRHlxq1Aw85Jnt4w6KvLKqWVik6oA9ZklXLNIOlqg4F2yrT1MVaTjAqvVwdfeZ7w7aCvJD7ugkw==",
          "dependencies": {
            "is-fullwidth-code-point": {
              "version": "2.0.0",
              "resolved": "https://registry.npmjs.org/is-fullwidth-code-point/-/is-fullwidth-code-point-2.0.0.tgz",
              "integrity": "sha1-o7MKXE8ZkYMWeqq5O+764937ZU8="
            },
            "strip-ansi": {
              "version": "4.0.0",
              "resolved": "https://registry.npmjs.org/strip-ansi/-/strip-ansi-4.0.0.tgz",
              "integrity": "sha1-qEeQIusaw2iocTibY1JixQXuNo8="
            }
          }
        },
        "strip-bom": {
          "version": "3.0.0",
          "resolved": "https://registry.npmjs.org/strip-bom/-/strip-bom-3.0.0.tgz",
          "integrity": "sha1-IzTBjpx1n3vdVv3vfprj1YjmjtM="
        },
        "supports-color": {
          "version": "4.5.0",
          "resolved": "https://registry.npmjs.org/supports-color/-/supports-color-4.5.0.tgz",
          "integrity": "sha1-vnoN5ITexcXN34s9WRJQRJEvY1s="
        },
        "tapable": {
          "version": "0.2.8",
          "resolved": "https://registry.npmjs.org/tapable/-/tapable-0.2.8.tgz",
          "integrity": "sha1-mTcqXJmb8t8WCvwNdL7U9HlIzSI="
        },
        "uglifyjs-webpack-plugin": {
          "version": "0.4.6",
          "resolved": "https://registry.npmjs.org/uglifyjs-webpack-plugin/-/uglifyjs-webpack-plugin-0.4.6.tgz",
          "integrity": "sha1-uVH0q7a9YX5m9j64kUmOORdj4wk="
        },
        "which-module": {
          "version": "2.0.0",
          "resolved": "https://registry.npmjs.org/which-module/-/which-module-2.0.0.tgz",
          "integrity": "sha1-2e8H3Od7mQK4o6j6SzHD4/fm6Ho="
        },
        "yargs": {
          "version": "8.0.2",
          "resolved": "https://registry.npmjs.org/yargs/-/yargs-8.0.2.tgz",
          "integrity": "sha1-YpmpBVsc78lp/355wdkY3Osiw2A="
        },
        "yargs-parser": {
          "version": "7.0.0",
          "resolved": "https://registry.npmjs.org/yargs-parser/-/yargs-parser-7.0.0.tgz",
          "integrity": "sha1-jQrELxbqVd69MyyvTEA4s+P139k="
        }
      }
    },
    "yaml-lint": {
      "version": "1.2.1",
      "resolved": "https://registry.npmjs.org/yaml-lint/-/yaml-lint-1.2.1.tgz",
      "integrity": "sha512-3pwX0nbfZuwicaDNYtoLUVjkESjRcpxxIhS3JoWcbHhhPunYW/GVLreFV2qlNv4tFCpQYpznLmOZeij2VAlrxA==",
      "dev": true
    }
  }
}
